{
  "name": "starter-restaurant-reservation",
  "version": "1.0.0",
  "lockfileVersion": 2,
  "requires": true,
  "packages": {
    "": {
      "name": "starter-restaurant-reservation",
      "version": "1.0.0",
      "hasInstallScript": true,
      "license": "UNLICENSED",
      "dependencies": {
        "bootstrap-icons": "^1.9.1",
        "luxon": "^3.0.4"
      }
    },
    "node_modules/bootstrap-icons": {
      "version": "1.9.1",
      "resolved": "https://registry.npmjs.org/bootstrap-icons/-/bootstrap-icons-1.9.1.tgz",
      "integrity": "sha512-d4ZkO30MIkAhQ2nNRJqKXJVEQorALGbLWTuRxyCTJF96lRIV6imcgMehWGJUiJMJhglN0o2tqLIeDnMdiQEE9g=="
    },
    "node_modules/luxon": {
      "version": "3.0.4",
      "resolved": "https://registry.npmjs.org/luxon/-/luxon-3.0.4.tgz",
      "integrity": "sha512-aV48rGUwP/Vydn8HT+5cdr26YYQiUZ42NM6ToMoaGKwYfWbfLeRkEu1wXWMHBZT6+KyLfcbbtVcoQFCbbPjKlw==",
      "engines": {
        "node": ">=12"
      }
    }
  },
  "dependencies": {
    "bootstrap-icons": {
      "version": "1.9.1",
      "resolved": "https://registry.npmjs.org/bootstrap-icons/-/bootstrap-icons-1.9.1.tgz",
      "integrity": "sha512-d4ZkO30MIkAhQ2nNRJqKXJVEQorALGbLWTuRxyCTJF96lRIV6imcgMehWGJUiJMJhglN0o2tqLIeDnMdiQEE9g=="
    },
    "luxon": {
      "version": "3.0.4",
      "resolved": "https://registry.npmjs.org/luxon/-/luxon-3.0.4.tgz",
      "integrity": "sha512-aV48rGUwP/Vydn8HT+5cdr26YYQiUZ42NM6ToMoaGKwYfWbfLeRkEu1wXWMHBZT6+KyLfcbbtVcoQFCbbPjKlw=="
    }
  }
}
